// !$*UTF8*$!
{
	archiveVersion = 1;
	classes = {
	};
	objectVersion = 46;
	objects = {

/* Begin PBXBuildFile section */
		01E3BDA23FEDECCF8DC86C8D /* SessionSecureStore.swift in Sources */ = {isa = PBXBuildFile; fileRef = 8D38EF28C153420C676ED37D /* SessionSecureStore.swift */; };
		0B6F18F9E0282D43D7D40E11 /* Foundation.framework in Frameworks */ = {isa = PBXBuildFile; fileRef = BBCAC0DEB638B52004F74E89 /* Foundation.framework */; };
		0DBEDB1F662E0592B61E5990 /* CodexKitUI.framework in Frameworks */ = {isa = PBXBuildFile; fileRef = 65A9D0D65D597EE26C8C7C8A /* CodexKitUI.framework */; };
		0F360AAC4EAEF8A94268C76E /* AgentBackend.swift in Sources */ = {isa = PBXBuildFile; fileRef = C6FD3E30D07B583659F6D1B7 /* AgentBackend.swift */; };
		11858CC9706FD7701FEA8942 /* AgentRuntime.swift in Sources */ = {isa = PBXBuildFile; fileRef = 36F82ACF9804147E33FB93F5 /* AgentRuntime.swift */; };
		1D00EB9E52418F9B6FDFC59D /* ChatGPTDeviceCodeAuthProvider.swift in Sources */ = {isa = PBXBuildFile; fileRef = 468824892F5949A60A1E5A58 /* ChatGPTDeviceCodeAuthProvider.swift */; };
		2052C70F0A06CAB341B4B691 /* ApprovalCoordinator.swift in Sources */ = {isa = PBXBuildFile; fileRef = F1F4C8FA41E191B23E57EC0E /* ApprovalCoordinator.swift */; };
		2203A4864C3BA1E80A813ACA /* CodexKitDemo.framework in Embed Frameworks */ = {isa = PBXBuildFile; fileRef = A3845D0EB31A07EDEDA492F7 /* CodexKitDemo.framework */; settings = {ATTRIBUTES = (CodeSignOnCopy, RemoveHeadersOnCopy, ); }; };
		3731C8B67CBF97B56199AA0A /* ToolModels.swift in Sources */ = {isa = PBXBuildFile; fileRef = A852CF6F40CBDDFA33E550B5 /* ToolModels.swift */; };
		380F55B20756C39F036B2F10 /* AssistantRuntimeDemoApp.swift in Sources */ = {isa = PBXBuildFile; fileRef = 286C7FF46C4528E5534FFF4F /* AssistantRuntimeDemoApp.swift */; };
		3920CF50426EEE4DCD82F70E /* CodexKitDemo.framework in Frameworks */ = {isa = PBXBuildFile; fileRef = A3845D0EB31A07EDEDA492F7 /* CodexKitDemo.framework */; };
		3CC6F347FF46E49DFA3CB5D3 /* Foundation.framework in Frameworks */ = {isa = PBXBuildFile; fileRef = BBCAC0DEB638B52004F74E89 /* Foundation.framework */; };
		3CD03CDD985E6013D5C80032 /* CodexKit.framework in Frameworks */ = {isa = PBXBuildFile; fileRef = B7ED8F5D10B0A034F9F08343 /* CodexKit.framework */; };
		3DC5C0612DD8D21398581959 /* DeviceCodePromptCoordinator.swift in Sources */ = {isa = PBXBuildFile; fileRef = F3898E832F0E5C520109A6A3 /* DeviceCodePromptCoordinator.swift */; };
		4AC3DA7B176BE4391F693FA8 /* ChatGPTSessionManager.swift in Sources */ = {isa = PBXBuildFile; fileRef = 2410FFF2F9864BB7C6DE7290 /* ChatGPTSessionManager.swift */; };
		4ED91611FFE8704AAC1B4992 /* InMemoryAgentBackend.swift in Sources */ = {isa = PBXBuildFile; fileRef = EADDC5110615AABC617C2BA8 /* InMemoryAgentBackend.swift */; };
		5ABB5724BE022EFE63EEA22D /* AgentDemoRuntimeFactory.swift in Sources */ = {isa = PBXBuildFile; fileRef = 5B1A2C0E7B2781535407136B /* AgentDemoRuntimeFactory.swift */; };
		5B57F4CAD32004051E099691 /* KeychainSessionSecureStore.swift in Sources */ = {isa = PBXBuildFile; fileRef = A5CA3958FB6655B2CCEAC484 /* KeychainSessionSecureStore.swift */; };
		61CFE6750ECDA53DA0263432 /* ToolRegistry.swift in Sources */ = {isa = PBXBuildFile; fileRef = 25CCF574ABAF1C7628957DD4 /* ToolRegistry.swift */; };
		67F4759A32BC3463C6A57F01 /* AgentRuntimeStore.swift in Sources */ = {isa = PBXBuildFile; fileRef = D84D6CE0E2C44EC6AFF8AAE1 /* AgentRuntimeStore.swift */; };
		6DD371D844953F41925966EC /* AgentDemoView.swift in Sources */ = {isa = PBXBuildFile; fileRef = 095AECE989B52720EC6436A2 /* AgentDemoView.swift */; };
		76CD43D1654143CC9D23C01B /* ApprovalInbox.swift in Sources */ = {isa = PBXBuildFile; fileRef = 038325D534AD707449B62A7E /* ApprovalInbox.swift */; };
		88FE4561D613166DE10B31C6 /* DemoChatGPTAuthProvider.swift in Sources */ = {isa = PBXBuildFile; fileRef = C69523758192DBB0BB61878C /* DemoChatGPTAuthProvider.swift */; };
		9192ABCA66492D5494839A8B /* ChatGPTOAuthProvider.swift in Sources */ = {isa = PBXBuildFile; fileRef = 76307B813875F8301A1DB5AD /* ChatGPTOAuthProvider.swift */; };
		938AACE505633485802BFAFD /* CodexResponsesBackend.swift in Sources */ = {isa = PBXBuildFile; fileRef = 16AFA75C9E924288F70246AF /* CodexResponsesBackend.swift */; };
		A150CED98FE9A636839B3B06 /* CodexKit.framework in Frameworks */ = {isa = PBXBuildFile; fileRef = B7ED8F5D10B0A034F9F08343 /* CodexKit.framework */; };
		A1A9626EC65ED072BA580B7C /* JSONValue.swift in Sources */ = {isa = PBXBuildFile; fileRef = 2B4EEE7377103BEB98796B55 /* JSONValue.swift */; };
		A9917B0CDE54240BCB3EAC93 /* CodexKit.framework in Embed Frameworks */ = {isa = PBXBuildFile; fileRef = B7ED8F5D10B0A034F9F08343 /* CodexKit.framework */; settings = {ATTRIBUTES = (CodeSignOnCopy, RemoveHeadersOnCopy, ); }; };
		B1CBF86D81EA0B890451F2FE /* AgentModels.swift in Sources */ = {isa = PBXBuildFile; fileRef = CACFDD8DEA3EEF91F1E26B3E /* AgentModels.swift */; };
		C34CD9CE0A4254512602FD2A /* Foundation.framework in Frameworks */ = {isa = PBXBuildFile; fileRef = BBCAC0DEB638B52004F74E89 /* Foundation.framework */; };
		CB8DA9D57AD132837BA292BE /* ChatGPTSession.swift in Sources */ = {isa = PBXBuildFile; fileRef = A6CDD11BC3EFA8D2ADD091B0 /* ChatGPTSession.swift */; };
		D83A59FCD3EDEE1AC1EA61EF /* CodexKitUI.framework in Embed Frameworks */ = {isa = PBXBuildFile; fileRef = 65A9D0D65D597EE26C8C7C8A /* CodexKitUI.framework */; settings = {ATTRIBUTES = (CodeSignOnCopy, RemoveHeadersOnCopy, ); }; };
		D85C9D46886E4022586F5128 /* CodexKit.framework in Frameworks */ = {isa = PBXBuildFile; fileRef = B7ED8F5D10B0A034F9F08343 /* CodexKit.framework */; };
		D8F0F09EB48F4803875F6D2E /* RuntimeStateStore.swift in Sources */ = {isa = PBXBuildFile; fileRef = 54A9E832EA4FF1FCD5E802D7 /* RuntimeStateStore.swift */; };
		F13F8625CBADC538BC23A64F /* CodexKitUI.framework in Frameworks */ = {isa = PBXBuildFile; fileRef = 65A9D0D65D597EE26C8C7C8A /* CodexKitUI.framework */; };
		F27C7C3D29791413EA6DEE7D /* ApprovalModels.swift in Sources */ = {isa = PBXBuildFile; fileRef = 61AE2612C3EC432F89C5B25D /* ApprovalModels.swift */; };
		F41C209D59DAAECDEDDA9AB1 /* Foundation.framework in Frameworks */ = {isa = PBXBuildFile; fileRef = BBCAC0DEB638B52004F74E89 /* Foundation.framework */; };
		F606887F100B687C18A72D50 /* AgentDemoViewModel.swift in Sources */ = {isa = PBXBuildFile; fileRef = 2A35DB45070B1AA01ADC46E0 /* AgentDemoViewModel.swift */; };
/* End PBXBuildFile section */

/* Begin PBXContainerItemProxy section */
		516DA1178CBF300C6BBEE28D /* PBXContainerItemProxy */ = {
			isa = PBXContainerItemProxy;
			containerPortal = 7C9EF468A185D8488116D095 /* Project object */;
			proxyType = 1;
			remoteGlobalIDString = 77AA203ED0371B868711D385;
			remoteInfo = CodexKitUI;
		};
		66123E425EF945832402A154 /* PBXContainerItemProxy */ = {
			isa = PBXContainerItemProxy;
			containerPortal = 7C9EF468A185D8488116D095 /* Project object */;
			proxyType = 1;
			remoteGlobalIDString = B2C56C69E0C71698783D8EF7;
			remoteInfo = CodexKitDemo;
		};
		72EAF7818B51B9CF2B167FB4 /* PBXContainerItemProxy */ = {
			isa = PBXContainerItemProxy;
			containerPortal = 7C9EF468A185D8488116D095 /* Project object */;
			proxyType = 1;
			remoteGlobalIDString = 3262E925F221B67FE51BE178;
			remoteInfo = CodexKit;
		};
		7EA44BE86C61E47B79AA56FA /* PBXContainerItemProxy */ = {
			isa = PBXContainerItemProxy;
			containerPortal = 7C9EF468A185D8488116D095 /* Project object */;
			proxyType = 1;
			remoteGlobalIDString = 77AA203ED0371B868711D385;
			remoteInfo = CodexKitUI;
		};
		A87624C8444E73DC9D5F1BA0 /* PBXContainerItemProxy */ = {
			isa = PBXContainerItemProxy;
			containerPortal = 7C9EF468A185D8488116D095 /* Project object */;
			proxyType = 1;
			remoteGlobalIDString = 3262E925F221B67FE51BE178;
			remoteInfo = CodexKit;
		};
		C3FAE8FE16382D816E42770C /* PBXContainerItemProxy */ = {
			isa = PBXContainerItemProxy;
			containerPortal = 7C9EF468A185D8488116D095 /* Project object */;
			proxyType = 1;
			remoteGlobalIDString = 3262E925F221B67FE51BE178;
			remoteInfo = CodexKit;
		};
/* End PBXContainerItemProxy section */

/* Begin PBXCopyFilesBuildPhase section */
		41B5ED6934885A859C9FD7A1 /* Embed Frameworks */ = {
			isa = PBXCopyFilesBuildPhase;
			buildActionMask = 2147483647;
			dstPath = "";
			dstSubfolderSpec = 10;
			files = (
				2203A4864C3BA1E80A813ACA /* CodexKitDemo.framework in Embed Frameworks */,
				D83A59FCD3EDEE1AC1EA61EF /* CodexKitUI.framework in Embed Frameworks */,
				A9917B0CDE54240BCB3EAC93 /* CodexKit.framework in Embed Frameworks */,
			);
			name = "Embed Frameworks";
			runOnlyForDeploymentPostprocessing = 0;
		};
/* End PBXCopyFilesBuildPhase section */

/* Begin PBXFileReference section */
		038325D534AD707449B62A7E /* ApprovalInbox.swift */ = {isa = PBXFileReference; includeInIndex = 1; lastKnownFileType = sourcecode.swift; name = ApprovalInbox.swift; path = Sources/CodexKitUI/ApprovalInbox.swift; sourceTree = "<group>"; };
		095AECE989B52720EC6436A2 /* AgentDemoView.swift */ = {isa = PBXFileReference; includeInIndex = 1; lastKnownFileType = sourcecode.swift; name = AgentDemoView.swift; path = Sources/CodexKitDemo/AgentDemoView.swift; sourceTree = "<group>"; };
		16AFA75C9E924288F70246AF /* CodexResponsesBackend.swift */ = {isa = PBXFileReference; includeInIndex = 1; lastKnownFileType = sourcecode.swift; name = CodexResponsesBackend.swift; path = Sources/CodexKit/Runtime/CodexResponsesBackend.swift; sourceTree = "<group>"; };
		2410FFF2F9864BB7C6DE7290 /* ChatGPTSessionManager.swift */ = {isa = PBXFileReference; includeInIndex = 1; lastKnownFileType = sourcecode.swift; name = ChatGPTSessionManager.swift; path = Sources/CodexKit/Auth/ChatGPTSessionManager.swift; sourceTree = "<group>"; };
		25CCF574ABAF1C7628957DD4 /* ToolRegistry.swift */ = {isa = PBXFileReference; includeInIndex = 1; lastKnownFileType = sourcecode.swift; name = ToolRegistry.swift; path = Sources/CodexKit/Tools/ToolRegistry.swift; sourceTree = "<group>"; };
		286C7FF46C4528E5534FFF4F /* AssistantRuntimeDemoApp.swift */ = {isa = PBXFileReference; includeInIndex = 1; lastKnownFileType = sourcecode.swift; name = AssistantRuntimeDemoApp.swift; path = DemoApp/AssistantRuntimeDemoApp/AssistantRuntimeDemoApp.swift; sourceTree = "<group>"; };
		2A35DB45070B1AA01ADC46E0 /* AgentDemoViewModel.swift */ = {isa = PBXFileReference; includeInIndex = 1; lastKnownFileType = sourcecode.swift; name = AgentDemoViewModel.swift; path = Sources/CodexKitDemo/AgentDemoViewModel.swift; sourceTree = "<group>"; };
		2B4EEE7377103BEB98796B55 /* JSONValue.swift */ = {isa = PBXFileReference; includeInIndex = 1; lastKnownFileType = sourcecode.swift; name = JSONValue.swift; path = Sources/CodexKit/Support/JSONValue.swift; sourceTree = "<group>"; };
		36F82ACF9804147E33FB93F5 /* AgentRuntime.swift */ = {isa = PBXFileReference; includeInIndex = 1; lastKnownFileType = sourcecode.swift; name = AgentRuntime.swift; path = Sources/CodexKit/Runtime/AgentRuntime.swift; sourceTree = "<group>"; };
		468824892F5949A60A1E5A58 /* ChatGPTDeviceCodeAuthProvider.swift */ = {isa = PBXFileReference; includeInIndex = 1; lastKnownFileType = sourcecode.swift; name = ChatGPTDeviceCodeAuthProvider.swift; path = Sources/CodexKit/Auth/ChatGPTDeviceCodeAuthProvider.swift; sourceTree = "<group>"; };
		54A9E832EA4FF1FCD5E802D7 /* RuntimeStateStore.swift */ = {isa = PBXFileReference; includeInIndex = 1; lastKnownFileType = sourcecode.swift; name = RuntimeStateStore.swift; path = Sources/CodexKit/Runtime/RuntimeStateStore.swift; sourceTree = "<group>"; };
		5B1A2C0E7B2781535407136B /* AgentDemoRuntimeFactory.swift */ = {isa = PBXFileReference; includeInIndex = 1; lastKnownFileType = sourcecode.swift; name = AgentDemoRuntimeFactory.swift; path = Sources/CodexKitDemo/AgentDemoRuntimeFactory.swift; sourceTree = "<group>"; };
		61AE2612C3EC432F89C5B25D /* ApprovalModels.swift */ = {isa = PBXFileReference; includeInIndex = 1; lastKnownFileType = sourcecode.swift; name = ApprovalModels.swift; path = Sources/CodexKit/Approval/ApprovalModels.swift; sourceTree = "<group>"; };
		65A9D0D65D597EE26C8C7C8A /* CodexKitUI.framework */ = {isa = PBXFileReference; explicitFileType = wrapper.framework; includeInIndex = 0; path = CodexKitUI.framework; sourceTree = BUILT_PRODUCTS_DIR; };
		76307B813875F8301A1DB5AD /* ChatGPTOAuthProvider.swift */ = {isa = PBXFileReference; includeInIndex = 1; lastKnownFileType = sourcecode.swift; name = ChatGPTOAuthProvider.swift; path = Sources/CodexKit/Auth/ChatGPTOAuthProvider.swift; sourceTree = "<group>"; };
		8D38EF28C153420C676ED37D /* SessionSecureStore.swift */ = {isa = PBXFileReference; includeInIndex = 1; lastKnownFileType = sourcecode.swift; name = SessionSecureStore.swift; path = Sources/CodexKit/Auth/SessionSecureStore.swift; sourceTree = "<group>"; };
		A183AABCD9E13A904C1AA48E /* generate_demo_app_project.rb */ = {isa = PBXFileReference; includeInIndex = 0; name = generate_demo_app_project.rb; path = scripts/generate_demo_app_project.rb; sourceTree = "<group>"; };
		A3845D0EB31A07EDEDA492F7 /* CodexKitDemo.framework */ = {isa = PBXFileReference; explicitFileType = wrapper.framework; includeInIndex = 0; path = CodexKitDemo.framework; sourceTree = BUILT_PRODUCTS_DIR; };
		A5CA3958FB6655B2CCEAC484 /* KeychainSessionSecureStore.swift */ = {isa = PBXFileReference; includeInIndex = 1; lastKnownFileType = sourcecode.swift; name = KeychainSessionSecureStore.swift; path = Sources/CodexKit/Auth/KeychainSessionSecureStore.swift; sourceTree = "<group>"; };
		A6CDD11BC3EFA8D2ADD091B0 /* ChatGPTSession.swift */ = {isa = PBXFileReference; includeInIndex = 1; lastKnownFileType = sourcecode.swift; name = ChatGPTSession.swift; path = Sources/CodexKit/Auth/ChatGPTSession.swift; sourceTree = "<group>"; };
		A852CF6F40CBDDFA33E550B5 /* ToolModels.swift */ = {isa = PBXFileReference; includeInIndex = 1; lastKnownFileType = sourcecode.swift; name = ToolModels.swift; path = Sources/CodexKit/Tools/ToolModels.swift; sourceTree = "<group>"; };
		B7ED8F5D10B0A034F9F08343 /* CodexKit.framework */ = {isa = PBXFileReference; explicitFileType = wrapper.framework; includeInIndex = 0; path = CodexKit.framework; sourceTree = BUILT_PRODUCTS_DIR; };
		BBCAC0DEB638B52004F74E89 /* Foundation.framework */ = {isa = PBXFileReference; lastKnownFileType = wrapper.framework; name = Foundation.framework; path = Platforms/iPhoneOS.platform/Developer/SDKs/iPhoneOS18.0.sdk/System/Library/Frameworks/Foundation.framework; sourceTree = DEVELOPER_DIR; };
		C69523758192DBB0BB61878C /* DemoChatGPTAuthProvider.swift */ = {isa = PBXFileReference; includeInIndex = 1; lastKnownFileType = sourcecode.swift; name = DemoChatGPTAuthProvider.swift; path = Sources/CodexKitDemo/DemoChatGPTAuthProvider.swift; sourceTree = "<group>"; };
		C6FD3E30D07B583659F6D1B7 /* AgentBackend.swift */ = {isa = PBXFileReference; includeInIndex = 1; lastKnownFileType = sourcecode.swift; name = AgentBackend.swift; path = Sources/CodexKit/Runtime/AgentBackend.swift; sourceTree = "<group>"; };
		CACFDD8DEA3EEF91F1E26B3E /* AgentModels.swift */ = {isa = PBXFileReference; includeInIndex = 1; lastKnownFileType = sourcecode.swift; name = AgentModels.swift; path = Sources/CodexKit/Runtime/AgentModels.swift; sourceTree = "<group>"; };
		CFE3071D1812DE5DCA72B62A /* AssistantRuntimeDemoApp.app */ = {isa = PBXFileReference; explicitFileType = wrapper.application; includeInIndex = 0; path = AssistantRuntimeDemoApp.app; sourceTree = BUILT_PRODUCTS_DIR; };
		D84D6CE0E2C44EC6AFF8AAE1 /* AgentRuntimeStore.swift */ = {isa = PBXFileReference; includeInIndex = 1; lastKnownFileType = sourcecode.swift; name = AgentRuntimeStore.swift; path = Sources/CodexKitUI/AgentRuntimeStore.swift; sourceTree = "<group>"; };
		EADDC5110615AABC617C2BA8 /* InMemoryAgentBackend.swift */ = {isa = PBXFileReference; includeInIndex = 1; lastKnownFileType = sourcecode.swift; name = InMemoryAgentBackend.swift; path = Sources/CodexKitDemo/InMemoryAgentBackend.swift; sourceTree = "<group>"; };
		ED64564208B6E126DD6E5C9B /* Info.plist */ = {isa = PBXFileReference; includeInIndex = 1; lastKnownFileType = text.plist.xml; name = Info.plist; path = DemoApp/AssistantRuntimeDemoApp/Info.plist; sourceTree = "<group>"; };
		F1F4C8FA41E191B23E57EC0E /* ApprovalCoordinator.swift */ = {isa = PBXFileReference; includeInIndex = 1; lastKnownFileType = sourcecode.swift; name = ApprovalCoordinator.swift; path = Sources/CodexKit/Approval/ApprovalCoordinator.swift; sourceTree = "<group>"; };
		F3898E832F0E5C520109A6A3 /* DeviceCodePromptCoordinator.swift */ = {isa = PBXFileReference; includeInIndex = 1; lastKnownFileType = sourcecode.swift; name = DeviceCodePromptCoordinator.swift; path = Sources/CodexKitUI/DeviceCodePromptCoordinator.swift; sourceTree = "<group>"; };
/* End PBXFileReference section */

/* Begin PBXFrameworksBuildPhase section */
		752137A5E569969FA754773D /* Frameworks */ = {
			isa = PBXFrameworksBuildPhase;
			buildActionMask = 2147483647;
			files = (
				C34CD9CE0A4254512602FD2A /* Foundation.framework in Frameworks */,
				3920CF50426EEE4DCD82F70E /* CodexKitDemo.framework in Frameworks */,
				D85C9D46886E4022586F5128 /* CodexKit.framework in Frameworks */,
				F13F8625CBADC538BC23A64F /* CodexKitUI.framework in Frameworks */,
			);
			runOnlyForDeploymentPostprocessing = 0;
		};
		7F7B321B53FB55EFC5DCCA3F /* Frameworks */ = {
			isa = PBXFrameworksBuildPhase;
			buildActionMask = 2147483647;
			files = (
				F41C209D59DAAECDEDDA9AB1 /* Foundation.framework in Frameworks */,
			);
			runOnlyForDeploymentPostprocessing = 0;
		};
		85B600FE8695FC04B37D8FEE /* Frameworks */ = {
			isa = PBXFrameworksBuildPhase;
			buildActionMask = 2147483647;
			files = (
				3CC6F347FF46E49DFA3CB5D3 /* Foundation.framework in Frameworks */,
				3CD03CDD985E6013D5C80032 /* CodexKit.framework in Frameworks */,
				0DBEDB1F662E0592B61E5990 /* CodexKitUI.framework in Frameworks */,
			);
			runOnlyForDeploymentPostprocessing = 0;
		};
		D7DCE6B6C3B8F339970F42DB /* Frameworks */ = {
			isa = PBXFrameworksBuildPhase;
			buildActionMask = 2147483647;
			files = (
				0B6F18F9E0282D43D7D40E11 /* Foundation.framework in Frameworks */,
				A150CED98FE9A636839B3B06 /* CodexKit.framework in Frameworks */,
			);
			runOnlyForDeploymentPostprocessing = 0;
		};
/* End PBXFrameworksBuildPhase section */

/* Begin PBXGroup section */
		1FE4BDCE028D9727082A3E36 = {
			isa = PBXGroup;
			children = (
				DAAE294DDADF54AEA7587C12 /* Products */,
				570B268EED7D7C4E2318FF58 /* Frameworks */,
				3DE437BCCA58EBE799CA4D6C /* Sources */,
				E13DED4EC5B869DA9282F151 /* DemoApp */,
				73C36AB4DE3AC97FA5B44E6B /* scripts */,
			);
			sourceTree = "<group>";
		};
		25A67C58B99B53D2B55934F5 /* CodexKitUI */ = {
			isa = PBXGroup;
			children = (
				D84D6CE0E2C44EC6AFF8AAE1 /* AgentRuntimeStore.swift */,
				038325D534AD707449B62A7E /* ApprovalInbox.swift */,
				F3898E832F0E5C520109A6A3 /* DeviceCodePromptCoordinator.swift */,
			);
			name = CodexKitUI;
			sourceTree = "<group>";
		};
		3DE437BCCA58EBE799CA4D6C /* Sources */ = {
			isa = PBXGroup;
			children = (
				E5884F495AB906F4C431B78A /* CodexKit */,
				25A67C58B99B53D2B55934F5 /* CodexKitUI */,
				802A5238C319AC2896CB37A5 /* CodexKitDemo */,
			);
			name = Sources;
			sourceTree = "<group>";
		};
		570B268EED7D7C4E2318FF58 /* Frameworks */ = {
			isa = PBXGroup;
			children = (
				E4592ADE3D54779BFF1B5E12 /* iOS */,
			);
			name = Frameworks;
			sourceTree = "<group>";
		};
		73C36AB4DE3AC97FA5B44E6B /* scripts */ = {
			isa = PBXGroup;
			children = (
				A183AABCD9E13A904C1AA48E /* generate_demo_app_project.rb */,
			);
			name = scripts;
			sourceTree = "<group>";
		};
		802A5238C319AC2896CB37A5 /* CodexKitDemo */ = {
			isa = PBXGroup;
			children = (
				5B1A2C0E7B2781535407136B /* AgentDemoRuntimeFactory.swift */,
				095AECE989B52720EC6436A2 /* AgentDemoView.swift */,
				2A35DB45070B1AA01ADC46E0 /* AgentDemoViewModel.swift */,
				C69523758192DBB0BB61878C /* DemoChatGPTAuthProvider.swift */,
				EADDC5110615AABC617C2BA8 /* InMemoryAgentBackend.swift */,
			);
			name = CodexKitDemo;
			sourceTree = "<group>";
		};
		DAAE294DDADF54AEA7587C12 /* Products */ = {
			isa = PBXGroup;
			children = (
				CFE3071D1812DE5DCA72B62A /* AssistantRuntimeDemoApp.app */,
				B7ED8F5D10B0A034F9F08343 /* CodexKit.framework */,
				65A9D0D65D597EE26C8C7C8A /* CodexKitUI.framework */,
				A3845D0EB31A07EDEDA492F7 /* CodexKitDemo.framework */,
			);
			name = Products;
			sourceTree = "<group>";
		};
		E13DED4EC5B869DA9282F151 /* DemoApp */ = {
			isa = PBXGroup;
			children = (
				EC23574A9C740796A35F1988 /* AssistantRuntimeDemoApp */,
			);
			name = DemoApp;
			sourceTree = "<group>";
		};
		E4592ADE3D54779BFF1B5E12 /* iOS */ = {
			isa = PBXGroup;
			children = (
				BBCAC0DEB638B52004F74E89 /* Foundation.framework */,
			);
			name = iOS;
			sourceTree = "<group>";
		};
		E5884F495AB906F4C431B78A /* CodexKit */ = {
			isa = PBXGroup;
			children = (
				F1F4C8FA41E191B23E57EC0E /* ApprovalCoordinator.swift */,
				61AE2612C3EC432F89C5B25D /* ApprovalModels.swift */,
				468824892F5949A60A1E5A58 /* ChatGPTDeviceCodeAuthProvider.swift */,
				76307B813875F8301A1DB5AD /* ChatGPTOAuthProvider.swift */,
				A6CDD11BC3EFA8D2ADD091B0 /* ChatGPTSession.swift */,
				2410FFF2F9864BB7C6DE7290 /* ChatGPTSessionManager.swift */,
				A5CA3958FB6655B2CCEAC484 /* KeychainSessionSecureStore.swift */,
				8D38EF28C153420C676ED37D /* SessionSecureStore.swift */,
				C6FD3E30D07B583659F6D1B7 /* AgentBackend.swift */,
				CACFDD8DEA3EEF91F1E26B3E /* AgentModels.swift */,
				36F82ACF9804147E33FB93F5 /* AgentRuntime.swift */,
				16AFA75C9E924288F70246AF /* CodexResponsesBackend.swift */,
				54A9E832EA4FF1FCD5E802D7 /* RuntimeStateStore.swift */,
				2B4EEE7377103BEB98796B55 /* JSONValue.swift */,
				A852CF6F40CBDDFA33E550B5 /* ToolModels.swift */,
				25CCF574ABAF1C7628957DD4 /* ToolRegistry.swift */,
			);
			name = CodexKit;
			sourceTree = "<group>";
		};
		EC23574A9C740796A35F1988 /* AssistantRuntimeDemoApp */ = {
			isa = PBXGroup;
			children = (
				286C7FF46C4528E5534FFF4F /* AssistantRuntimeDemoApp.swift */,
				ED64564208B6E126DD6E5C9B /* Info.plist */,
			);
			name = AssistantRuntimeDemoApp;
			sourceTree = "<group>";
		};
/* End PBXGroup section */

/* Begin PBXHeadersBuildPhase section */
		CDA93C67E29116C4DCA70EC5 /* Headers */ = {
			isa = PBXHeadersBuildPhase;
			buildActionMask = 2147483647;
			files = (
			);
			runOnlyForDeploymentPostprocessing = 0;
		};
		E5022EA70E638C1BB7286272 /* Headers */ = {
			isa = PBXHeadersBuildPhase;
			buildActionMask = 2147483647;
			files = (
			);
			runOnlyForDeploymentPostprocessing = 0;
		};
		F5CD77EB5C4C97B4840A5E1C /* Headers */ = {
			isa = PBXHeadersBuildPhase;
			buildActionMask = 2147483647;
			files = (
			);
			runOnlyForDeploymentPostprocessing = 0;
		};
/* End PBXHeadersBuildPhase section */

/* Begin PBXNativeTarget section */
		3262E925F221B67FE51BE178 /* CodexKit */ = {
			isa = PBXNativeTarget;
			buildConfigurationList = 9251A981F37D7B71849304A7 /* Build configuration list for PBXNativeTarget "CodexKit" */;
			buildPhases = (
				E5022EA70E638C1BB7286272 /* Headers */,
				B6036570E68E05ACF26BFC73 /* Sources */,
				7F7B321B53FB55EFC5DCCA3F /* Frameworks */,
				B76166BC89A3E33CAC59AD62 /* Resources */,
			);
			buildRules = (
			);
			dependencies = (
			);
			name = CodexKit;
			productName = CodexKit;
			productReference = B7ED8F5D10B0A034F9F08343 /* CodexKit.framework */;
			productType = "com.apple.product-type.framework";
		};
		77AA203ED0371B868711D385 /* CodexKitUI */ = {
			isa = PBXNativeTarget;
			buildConfigurationList = 0705947D212D21C8AB4BE0CA /* Build configuration list for PBXNativeTarget "CodexKitUI" */;
			buildPhases = (
				CDA93C67E29116C4DCA70EC5 /* Headers */,
				07DA08F01FB9911DD92EF4FF /* Sources */,
				D7DCE6B6C3B8F339970F42DB /* Frameworks */,
				D09BAF4A1C88CE5AABABF671 /* Resources */,
			);
			buildRules = (
			);
			dependencies = (
				ED8210E0CB9805E835496C9B /* PBXTargetDependency */,
			);
			name = CodexKitUI;
			productName = CodexKitUI;
			productReference = 65A9D0D65D597EE26C8C7C8A /* CodexKitUI.framework */;
			productType = "com.apple.product-type.framework";
		};
		B2A1235F4A8EF23FADDC18B7 /* AssistantRuntimeDemoApp */ = {
			isa = PBXNativeTarget;
			buildConfigurationList = 0A3F0003A9AC89C70BE1157C /* Build configuration list for PBXNativeTarget "AssistantRuntimeDemoApp" */;
			buildPhases = (
				4A267BB971AF9DA1E2A6FA66 /* Sources */,
				752137A5E569969FA754773D /* Frameworks */,
				6A5B11ADD2C8185EB5FEDACE /* Resources */,
				41B5ED6934885A859C9FD7A1 /* Embed Frameworks */,
			);
			buildRules = (
			);
			dependencies = (
				9828E6CCB272E739E07ACB7F /* PBXTargetDependency */,
				8D3F014E9D1EA3AD1589D7F6 /* PBXTargetDependency */,
				84E15A8CE01EEE9D581BA638 /* PBXTargetDependency */,
			);
			name = AssistantRuntimeDemoApp;
			productName = AssistantRuntimeDemoApp;
			productReference = CFE3071D1812DE5DCA72B62A /* AssistantRuntimeDemoApp.app */;
			productType = "com.apple.product-type.application";
		};
		B2C56C69E0C71698783D8EF7 /* CodexKitDemo */ = {
			isa = PBXNativeTarget;
			buildConfigurationList = 895710889E13BAF1069A9A10 /* Build configuration list for PBXNativeTarget "CodexKitDemo" */;
			buildPhases = (
				F5CD77EB5C4C97B4840A5E1C /* Headers */,
				42B36AC02179CC043EDA6E2B /* Sources */,
				85B600FE8695FC04B37D8FEE /* Frameworks */,
				DF30653EB78BBC064A614C01 /* Resources */,
			);
			buildRules = (
			);
			dependencies = (
				137E343546D19CC9BFE085EF /* PBXTargetDependency */,
				02FA2E936CE479C7E19FA0CD /* PBXTargetDependency */,
			);
			name = CodexKitDemo;
			productName = CodexKitDemo;
			productReference = A3845D0EB31A07EDEDA492F7 /* CodexKitDemo.framework */;
			productType = "com.apple.product-type.framework";
		};
/* End PBXNativeTarget section */

/* Begin PBXProject section */
		7C9EF468A185D8488116D095 /* Project object */ = {
			isa = PBXProject;
			attributes = {
				LastSwiftUpdateCheck = 2600;
				LastUpgradeCheck = 2600;
			};
			buildConfigurationList = 0D53003714C8A24F42326F6F /* Build configuration list for PBXProject "AssistantRuntimeDemoApp" */;
			compatibilityVersion = "Xcode 3.2";
			developmentRegion = en;
			hasScannedForEncodings = 0;
			knownRegions = (
				en,
				Base,
			);
			mainGroup = 1FE4BDCE028D9727082A3E36;
			minimizedProjectReferenceProxies = 0;
			preferredProjectObjectVersion = 77;
			productRefGroup = DAAE294DDADF54AEA7587C12 /* Products */;
			projectDirPath = "";
			projectRoot = "";
			targets = (
				B2A1235F4A8EF23FADDC18B7 /* AssistantRuntimeDemoApp */,
				3262E925F221B67FE51BE178 /* CodexKit */,
				77AA203ED0371B868711D385 /* CodexKitUI */,
				B2C56C69E0C71698783D8EF7 /* CodexKitDemo */,
			);
		};
/* End PBXProject section */

/* Begin PBXResourcesBuildPhase section */
		6A5B11ADD2C8185EB5FEDACE /* Resources */ = {
			isa = PBXResourcesBuildPhase;
			buildActionMask = 2147483647;
			files = (
			);
			runOnlyForDeploymentPostprocessing = 0;
		};
		B76166BC89A3E33CAC59AD62 /* Resources */ = {
			isa = PBXResourcesBuildPhase;
			buildActionMask = 2147483647;
			files = (
			);
			runOnlyForDeploymentPostprocessing = 0;
		};
		D09BAF4A1C88CE5AABABF671 /* Resources */ = {
			isa = PBXResourcesBuildPhase;
			buildActionMask = 2147483647;
			files = (
			);
			runOnlyForDeploymentPostprocessing = 0;
		};
		DF30653EB78BBC064A614C01 /* Resources */ = {
			isa = PBXResourcesBuildPhase;
			buildActionMask = 2147483647;
			files = (
			);
			runOnlyForDeploymentPostprocessing = 0;
		};
/* End PBXResourcesBuildPhase section */

/* Begin PBXSourcesBuildPhase section */
		07DA08F01FB9911DD92EF4FF /* Sources */ = {
			isa = PBXSourcesBuildPhase;
			buildActionMask = 2147483647;
			files = (
				67F4759A32BC3463C6A57F01 /* AgentRuntimeStore.swift in Sources */,
				76CD43D1654143CC9D23C01B /* ApprovalInbox.swift in Sources */,
				3DC5C0612DD8D21398581959 /* DeviceCodePromptCoordinator.swift in Sources */,
			);
			runOnlyForDeploymentPostprocessing = 0;
		};
		42B36AC02179CC043EDA6E2B /* Sources */ = {
			isa = PBXSourcesBuildPhase;
			buildActionMask = 2147483647;
			files = (
				5ABB5724BE022EFE63EEA22D /* AgentDemoRuntimeFactory.swift in Sources */,
				6DD371D844953F41925966EC /* AgentDemoView.swift in Sources */,
				F606887F100B687C18A72D50 /* AgentDemoViewModel.swift in Sources */,
				88FE4561D613166DE10B31C6 /* DemoChatGPTAuthProvider.swift in Sources */,
				4ED91611FFE8704AAC1B4992 /* InMemoryAgentBackend.swift in Sources */,
			);
			runOnlyForDeploymentPostprocessing = 0;
		};
		4A267BB971AF9DA1E2A6FA66 /* Sources */ = {
			isa = PBXSourcesBuildPhase;
			buildActionMask = 2147483647;
			files = (
				380F55B20756C39F036B2F10 /* AssistantRuntimeDemoApp.swift in Sources */,
			);
			runOnlyForDeploymentPostprocessing = 0;
		};
		B6036570E68E05ACF26BFC73 /* Sources */ = {
			isa = PBXSourcesBuildPhase;
			buildActionMask = 2147483647;
			files = (
				2052C70F0A06CAB341B4B691 /* ApprovalCoordinator.swift in Sources */,
				F27C7C3D29791413EA6DEE7D /* ApprovalModels.swift in Sources */,
				1D00EB9E52418F9B6FDFC59D /* ChatGPTDeviceCodeAuthProvider.swift in Sources */,
				9192ABCA66492D5494839A8B /* ChatGPTOAuthProvider.swift in Sources */,
				CB8DA9D57AD132837BA292BE /* ChatGPTSession.swift in Sources */,
				4AC3DA7B176BE4391F693FA8 /* ChatGPTSessionManager.swift in Sources */,
				5B57F4CAD32004051E099691 /* KeychainSessionSecureStore.swift in Sources */,
				01E3BDA23FEDECCF8DC86C8D /* SessionSecureStore.swift in Sources */,
				0F360AAC4EAEF8A94268C76E /* AgentBackend.swift in Sources */,
				B1CBF86D81EA0B890451F2FE /* AgentModels.swift in Sources */,
				11858CC9706FD7701FEA8942 /* AgentRuntime.swift in Sources */,
				938AACE505633485802BFAFD /* CodexResponsesBackend.swift in Sources */,
				D8F0F09EB48F4803875F6D2E /* RuntimeStateStore.swift in Sources */,
				A1A9626EC65ED072BA580B7C /* JSONValue.swift in Sources */,
				3731C8B67CBF97B56199AA0A /* ToolModels.swift in Sources */,
				61CFE6750ECDA53DA0263432 /* ToolRegistry.swift in Sources */,
			);
			runOnlyForDeploymentPostprocessing = 0;
		};
/* End PBXSourcesBuildPhase section */

/* Begin PBXTargetDependency section */
		02FA2E936CE479C7E19FA0CD /* PBXTargetDependency */ = {
			isa = PBXTargetDependency;
			name = CodexKitUI;
			target = 77AA203ED0371B868711D385 /* CodexKitUI */;
			targetProxy = 7EA44BE86C61E47B79AA56FA /* PBXContainerItemProxy */;
		};
		137E343546D19CC9BFE085EF /* PBXTargetDependency */ = {
			isa = PBXTargetDependency;
			name = CodexKit;
			target = 3262E925F221B67FE51BE178 /* CodexKit */;
			targetProxy = A87624C8444E73DC9D5F1BA0 /* PBXContainerItemProxy */;
		};
		84E15A8CE01EEE9D581BA638 /* PBXTargetDependency */ = {
			isa = PBXTargetDependency;
			name = CodexKitUI;
			target = 77AA203ED0371B868711D385 /* CodexKitUI */;
			targetProxy = 516DA1178CBF300C6BBEE28D /* PBXContainerItemProxy */;
		};
		8D3F014E9D1EA3AD1589D7F6 /* PBXTargetDependency */ = {
			isa = PBXTargetDependency;
			name = CodexKit;
			target = 3262E925F221B67FE51BE178 /* CodexKit */;
			targetProxy = 72EAF7818B51B9CF2B167FB4 /* PBXContainerItemProxy */;
		};
		9828E6CCB272E739E07ACB7F /* PBXTargetDependency */ = {
			isa = PBXTargetDependency;
			name = CodexKitDemo;
			target = B2C56C69E0C71698783D8EF7 /* CodexKitDemo */;
			targetProxy = 66123E425EF945832402A154 /* PBXContainerItemProxy */;
		};
		ED8210E0CB9805E835496C9B /* PBXTargetDependency */ = {
			isa = PBXTargetDependency;
			name = CodexKit;
			target = 3262E925F221B67FE51BE178 /* CodexKit */;
			targetProxy = C3FAE8FE16382D816E42770C /* PBXContainerItemProxy */;
		};
/* End PBXTargetDependency section */

/* Begin XCBuildConfiguration section */
		0AACE84046D63E1628CB588A /* Release */ = {
			isa = XCBuildConfiguration;
			buildSettings = {
				ASSETCATALOG_COMPILER_APPICON_NAME = "";
				ASSETCATALOG_COMPILER_GLOBAL_ACCENT_COLOR_NAME = AccentColor;
				CLANG_ENABLE_MODULES = YES;
				CLANG_ENABLE_OBJC_WEAK = NO;
				CODE_SIGN_STYLE = Automatic;
				DEVELOPMENT_TEAM = T9G4574SJG;
				INFOPLIST_FILE = DemoApp/AssistantRuntimeDemoApp/Info.plist;
				IPHONEOS_DEPLOYMENT_TARGET = 17.0;
				LD_RUNPATH_SEARCH_PATHS = "$(inherited) @executable_path/Frameworks";
				PRODUCT_BUNDLE_IDENTIFIER = ai.assistantruntime.demoapp;
				PRODUCT_NAME = "$(TARGET_NAME)";
				SDKROOT = iphoneos;
				SWIFT_VERSION = 6.0;
				TARGETED_DEVICE_FAMILY = "1,2";
				VALIDATE_PRODUCT = YES;
			};
			name = Release;
		};
		114328E6E761ED9F038C6D6D /* Release */ = {
			isa = XCBuildConfiguration;
			buildSettings = {
				CLANG_ENABLE_MODULES = YES;
				CLANG_ENABLE_OBJC_WEAK = NO;
				CODE_SIGN_STYLE = Automatic;
				CURRENT_PROJECT_VERSION = 1;
				DEFINES_MODULE = YES;
				DEVELOPMENT_TEAM = T9G4574SJG;
				DYLIB_COMPATIBILITY_VERSION = 1;
				DYLIB_CURRENT_VERSION = 1;
				DYLIB_INSTALL_NAME_BASE = "@rpath";
				GENERATE_INFOPLIST_FILE = YES;
				INSTALL_PATH = "$(LOCAL_LIBRARY_DIR)/Frameworks";
				IPHONEOS_DEPLOYMENT_TARGET = 17.0;
				LD_RUNPATH_SEARCH_PATHS = "$(inherited) @executable_path/Frameworks @loader_path/Frameworks";
				MACH_O_TYPE = mh_dylib;
				PRODUCT_BUNDLE_IDENTIFIER = ai.assistantruntime.demoapp.codexkit;
				PRODUCT_NAME = "$(TARGET_NAME)";
				SDKROOT = iphoneos;
				SKIP_INSTALL = NO;
				SWIFT_VERSION = 6.0;
				TARGETED_DEVICE_FAMILY = "1,2";
				VALIDATE_PRODUCT = YES;
				VERSIONING_SYSTEM = "apple-generic";
				VERSION_INFO_PREFIX = "";
			};
			name = Release;
		};
		170244ADF4E4DB52E2D8BF58 /* Debug */ = {
			isa = XCBuildConfiguration;
			buildSettings = {
				CLANG_ENABLE_MODULES = YES;
				CLANG_ENABLE_OBJC_WEAK = NO;
				CODE_SIGN_STYLE = Automatic;
				CURRENT_PROJECT_VERSION = 1;
				DEFINES_MODULE = YES;
				DEVELOPMENT_TEAM = T9G4574SJG;
				DYLIB_COMPATIBILITY_VERSION = 1;
				DYLIB_CURRENT_VERSION = 1;
				DYLIB_INSTALL_NAME_BASE = "@rpath";
				GENERATE_INFOPLIST_FILE = YES;
				INSTALL_PATH = "$(LOCAL_LIBRARY_DIR)/Frameworks";
				IPHONEOS_DEPLOYMENT_TARGET = 17.0;
				LD_RUNPATH_SEARCH_PATHS = "$(inherited) @executable_path/Frameworks @loader_path/Frameworks";
				MACH_O_TYPE = mh_dylib;
				PRODUCT_BUNDLE_IDENTIFIER = ai.assistantruntime.demoapp.codexkitdemo;
				PRODUCT_NAME = "$(TARGET_NAME)";
				SDKROOT = iphoneos;
				SKIP_INSTALL = NO;
				SWIFT_VERSION = 6.0;
				TARGETED_DEVICE_FAMILY = "1,2";
				VERSIONING_SYSTEM = "apple-generic";
				VERSION_INFO_PREFIX = "";
			};
			name = Debug;
		};
		3CCA1B71E47D36FF9FDEDAB2 /* Release */ = {
			isa = XCBuildConfiguration;
			buildSettings = {
				CLANG_ENABLE_MODULES = YES;
				CLANG_ENABLE_OBJC_WEAK = NO;
				CODE_SIGN_STYLE = Automatic;
				CURRENT_PROJECT_VERSION = 1;
				DEFINES_MODULE = YES;
				DEVELOPMENT_TEAM = T9G4574SJG;
				DYLIB_COMPATIBILITY_VERSION = 1;
				DYLIB_CURRENT_VERSION = 1;
				DYLIB_INSTALL_NAME_BASE = "@rpath";
				GENERATE_INFOPLIST_FILE = YES;
				INSTALL_PATH = "$(LOCAL_LIBRARY_DIR)/Frameworks";
				IPHONEOS_DEPLOYMENT_TARGET = 17.0;
				LD_RUNPATH_SEARCH_PATHS = "$(inherited) @executable_path/Frameworks @loader_path/Frameworks";
				MACH_O_TYPE = mh_dylib;
				PRODUCT_BUNDLE_IDENTIFIER = ai.assistantruntime.demoapp.codexkitdemo;
				PRODUCT_NAME = "$(TARGET_NAME)";
				SDKROOT = iphoneos;
				SKIP_INSTALL = NO;
				SWIFT_VERSION = 6.0;
				TARGETED_DEVICE_FAMILY = "1,2";
				VALIDATE_PRODUCT = YES;
				VERSIONING_SYSTEM = "apple-generic";
				VERSION_INFO_PREFIX = "";
			};
			name = Release;
		};
		6664E571DD3397765EE207F6 /* Release */ = {
			isa = XCBuildConfiguration;
			buildSettings = {
				ALWAYS_SEARCH_USER_PATHS = NO;
				CLANG_ANALYZER_NONNULL = YES;
				CLANG_ANALYZER_NUMBER_OBJECT_CONVERSION = YES_AGGRESSIVE;
				CLANG_CXX_LANGUAGE_STANDARD = "gnu++14";
				CLANG_CXX_LIBRARY = "libc++";
				CLANG_ENABLE_MODULES = YES;
				CLANG_ENABLE_OBJC_ARC = YES;
				CLANG_ENABLE_OBJC_WEAK = YES;
				CLANG_WARN_BLOCK_CAPTURE_AUTORELEASING = YES;
				CLANG_WARN_BOOL_CONVERSION = YES;
				CLANG_WARN_COMMA = YES;
				CLANG_WARN_CONSTANT_CONVERSION = YES;
				CLANG_WARN_DEPRECATED_OBJC_IMPLEMENTATIONS = YES;
				CLANG_WARN_DIRECT_OBJC_ISA_USAGE = YES_ERROR;
				CLANG_WARN_DOCUMENTATION_COMMENTS = YES;
				CLANG_WARN_EMPTY_BODY = YES;
				CLANG_WARN_ENUM_CONVERSION = YES;
				CLANG_WARN_INFINITE_RECURSION = YES;
				CLANG_WARN_INT_CONVERSION = YES;
				CLANG_WARN_NON_LITERAL_NULL_CONVERSION = YES;
				CLANG_WARN_OBJC_IMPLICIT_RETAIN_SELF = YES;
				CLANG_WARN_OBJC_LITERAL_CONVERSION = YES;
				CLANG_WARN_OBJC_ROOT_CLASS = YES_ERROR;
				CLANG_WARN_QUOTED_INCLUDE_IN_FRAMEWORK_HEADER = YES;
				CLANG_WARN_RANGE_LOOP_ANALYSIS = YES;
				CLANG_WARN_STRICT_PROTOTYPES = YES;
				CLANG_WARN_SUSPICIOUS_MOVE = YES;
				CLANG_WARN_UNGUARDED_AVAILABILITY = YES_AGGRESSIVE;
				CLANG_WARN_UNREACHABLE_CODE = YES;
				CLANG_WARN__DUPLICATE_METHOD_MATCH = YES;
				COPY_PHASE_STRIP = NO;
				DEBUG_INFORMATION_FORMAT = "dwarf-with-dsym";
				ENABLE_NS_ASSERTIONS = NO;
				ENABLE_STRICT_OBJC_MSGSEND = YES;
				GCC_C_LANGUAGE_STANDARD = gnu11;
				GCC_NO_COMMON_BLOCKS = YES;
				GCC_WARN_64_TO_32_BIT_CONVERSION = YES;
				GCC_WARN_ABOUT_RETURN_TYPE = YES_ERROR;
				GCC_WARN_UNDECLARED_SELECTOR = YES;
				GCC_WARN_UNINITIALIZED_AUTOS = YES_AGGRESSIVE;
				GCC_WARN_UNUSED_FUNCTION = YES;
				GCC_WARN_UNUSED_VARIABLE = YES;
				MTL_ENABLE_DEBUG_INFO = NO;
				MTL_FAST_MATH = YES;
				PRODUCT_NAME = "$(TARGET_NAME)";
				SWIFT_COMPILATION_MODE = wholemodule;
				SWIFT_OPTIMIZATION_LEVEL = "-O";
				SWIFT_VERSION = 5.0;
			};
			name = Release;
		};
		8E725C174011135AEDD0935E /* Debug */ = {
			isa = XCBuildConfiguration;
			buildSettings = {
				CLANG_ENABLE_MODULES = YES;
				CLANG_ENABLE_OBJC_WEAK = NO;
				CODE_SIGN_STYLE = Automatic;
				CURRENT_PROJECT_VERSION = 1;
				DEFINES_MODULE = YES;
				DEVELOPMENT_TEAM = T9G4574SJG;
				DYLIB_COMPATIBILITY_VERSION = 1;
				DYLIB_CURRENT_VERSION = 1;
				DYLIB_INSTALL_NAME_BASE = "@rpath";
				GENERATE_INFOPLIST_FILE = YES;
				INSTALL_PATH = "$(LOCAL_LIBRARY_DIR)/Frameworks";
				IPHONEOS_DEPLOYMENT_TARGET = 17.0;
				LD_RUNPATH_SEARCH_PATHS = "$(inherited) @executable_path/Frameworks @loader_path/Frameworks";
				MACH_O_TYPE = mh_dylib;
				PRODUCT_BUNDLE_IDENTIFIER = ai.assistantruntime.demoapp.codexkit;
				PRODUCT_NAME = "$(TARGET_NAME)";
				SDKROOT = iphoneos;
				SKIP_INSTALL = NO;
				SWIFT_VERSION = 6.0;
				TARGETED_DEVICE_FAMILY = "1,2";
				VERSIONING_SYSTEM = "apple-generic";
				VERSION_INFO_PREFIX = "";
			};
			name = Debug;
		};
		BF10E2A8A9FD29784CBC1466 /* Debug */ = {
			isa = XCBuildConfiguration;
			buildSettings = {
				ALWAYS_SEARCH_USER_PATHS = NO;
				CLANG_ANALYZER_NONNULL = YES;
				CLANG_ANALYZER_NUMBER_OBJECT_CONVERSION = YES_AGGRESSIVE;
				CLANG_CXX_LANGUAGE_STANDARD = "gnu++14";
				CLANG_CXX_LIBRARY = "libc++";
				CLANG_ENABLE_MODULES = YES;
				CLANG_ENABLE_OBJC_ARC = YES;
				CLANG_ENABLE_OBJC_WEAK = YES;
				CLANG_WARN_BLOCK_CAPTURE_AUTORELEASING = YES;
				CLANG_WARN_BOOL_CONVERSION = YES;
				CLANG_WARN_COMMA = YES;
				CLANG_WARN_CONSTANT_CONVERSION = YES;
				CLANG_WARN_DEPRECATED_OBJC_IMPLEMENTATIONS = YES;
				CLANG_WARN_DIRECT_OBJC_ISA_USAGE = YES_ERROR;
				CLANG_WARN_DOCUMENTATION_COMMENTS = YES;
				CLANG_WARN_EMPTY_BODY = YES;
				CLANG_WARN_ENUM_CONVERSION = YES;
				CLANG_WARN_INFINITE_RECURSION = YES;
				CLANG_WARN_INT_CONVERSION = YES;
				CLANG_WARN_NON_LITERAL_NULL_CONVERSION = YES;
				CLANG_WARN_OBJC_IMPLICIT_RETAIN_SELF = YES;
				CLANG_WARN_OBJC_LITERAL_CONVERSION = YES;
				CLANG_WARN_OBJC_ROOT_CLASS = YES_ERROR;
				CLANG_WARN_QUOTED_INCLUDE_IN_FRAMEWORK_HEADER = YES;
				CLANG_WARN_RANGE_LOOP_ANALYSIS = YES;
				CLANG_WARN_STRICT_PROTOTYPES = YES;
				CLANG_WARN_SUSPICIOUS_MOVE = YES;
				CLANG_WARN_UNGUARDED_AVAILABILITY = YES_AGGRESSIVE;
				CLANG_WARN_UNREACHABLE_CODE = YES;
				CLANG_WARN__DUPLICATE_METHOD_MATCH = YES;
				COPY_PHASE_STRIP = NO;
				DEBUG_INFORMATION_FORMAT = dwarf;
				ENABLE_STRICT_OBJC_MSGSEND = YES;
				ENABLE_TESTABILITY = YES;
				GCC_C_LANGUAGE_STANDARD = gnu11;
				GCC_DYNAMIC_NO_PIC = NO;
				GCC_NO_COMMON_BLOCKS = YES;
				GCC_OPTIMIZATION_LEVEL = 0;
				GCC_PREPROCESSOR_DEFINITIONS = (
					"DEBUG=1",
					"$(inherited)",
				);
				GCC_WARN_64_TO_32_BIT_CONVERSION = YES;
				GCC_WARN_ABOUT_RETURN_TYPE = YES_ERROR;
				GCC_WARN_UNDECLARED_SELECTOR = YES;
				GCC_WARN_UNINITIALIZED_AUTOS = YES_AGGRESSIVE;
				GCC_WARN_UNUSED_FUNCTION = YES;
				GCC_WARN_UNUSED_VARIABLE = YES;
				MTL_ENABLE_DEBUG_INFO = INCLUDE_SOURCE;
				MTL_FAST_MATH = YES;
				ONLY_ACTIVE_ARCH = YES;
				PRODUCT_NAME = "$(TARGET_NAME)";
				SWIFT_ACTIVE_COMPILATION_CONDITIONS = DEBUG;
				SWIFT_OPTIMIZATION_LEVEL = "-Onone";
				SWIFT_VERSION = 5.0;
			};
			name = Debug;
		};
		CE56EE8125155C3E2F54CB62 /* Release */ = {
			isa = XCBuildConfiguration;
			buildSettings = {
				CLANG_ENABLE_MODULES = YES;
				CLANG_ENABLE_OBJC_WEAK = NO;
				CODE_SIGN_STYLE = Automatic;
				CURRENT_PROJECT_VERSION = 1;
				DEFINES_MODULE = YES;
				DEVELOPMENT_TEAM = T9G4574SJG;
				DYLIB_COMPATIBILITY_VERSION = 1;
				DYLIB_CURRENT_VERSION = 1;
				DYLIB_INSTALL_NAME_BASE = "@rpath";
				GENERATE_INFOPLIST_FILE = YES;
				INSTALL_PATH = "$(LOCAL_LIBRARY_DIR)/Frameworks";
				IPHONEOS_DEPLOYMENT_TARGET = 17.0;
				LD_RUNPATH_SEARCH_PATHS = "$(inherited) @executable_path/Frameworks @loader_path/Frameworks";
				MACH_O_TYPE = mh_dylib;
				PRODUCT_BUNDLE_IDENTIFIER = ai.assistantruntime.demoapp.codexkitui;
				PRODUCT_NAME = "$(TARGET_NAME)";
				SDKROOT = iphoneos;
				SKIP_INSTALL = NO;
				SWIFT_VERSION = 6.0;
				TARGETED_DEVICE_FAMILY = "1,2";
				VALIDATE_PRODUCT = YES;
				VERSIONING_SYSTEM = "apple-generic";
				VERSION_INFO_PREFIX = "";
			};
			name = Release;
		};
		EFA415DD8C06A5A8D9D045F9 /* Debug */ = {
			isa = XCBuildConfiguration;
			buildSettings = {
				CLANG_ENABLE_MODULES = YES;
				CLANG_ENABLE_OBJC_WEAK = NO;
				CODE_SIGN_STYLE = Automatic;
				CURRENT_PROJECT_VERSION = 1;
				DEFINES_MODULE = YES;
				DEVELOPMENT_TEAM = T9G4574SJG;
				DYLIB_COMPATIBILITY_VERSION = 1;
				DYLIB_CURRENT_VERSION = 1;
				DYLIB_INSTALL_NAME_BASE = "@rpath";
				GENERATE_INFOPLIST_FILE = YES;
				INSTALL_PATH = "$(LOCAL_LIBRARY_DIR)/Frameworks";
				IPHONEOS_DEPLOYMENT_TARGET = 17.0;
				LD_RUNPATH_SEARCH_PATHS = "$(inherited) @executable_path/Frameworks @loader_path/Frameworks";
				MACH_O_TYPE = mh_dylib;
				PRODUCT_BUNDLE_IDENTIFIER = ai.assistantruntime.demoapp.codexkitui;
				PRODUCT_NAME = "$(TARGET_NAME)";
				SDKROOT = iphoneos;
				SKIP_INSTALL = NO;
				SWIFT_VERSION = 6.0;
				TARGETED_DEVICE_FAMILY = "1,2";
				VERSIONING_SYSTEM = "apple-generic";
				VERSION_INFO_PREFIX = "";
			};
			name = Debug;
		};
		FDD7E9509B904C7CE83FA013 /* Debug */ = {
			isa = XCBuildConfiguration;
			buildSettings = {
				ASSETCATALOG_COMPILER_APPICON_NAME = "";
				ASSETCATALOG_COMPILER_GLOBAL_ACCENT_COLOR_NAME = AccentColor;
				CLANG_ENABLE_MODULES = YES;
				CLANG_ENABLE_OBJC_WEAK = NO;
				CODE_SIGN_STYLE = Automatic;
				DEVELOPMENT_TEAM = T9G4574SJG;
				INFOPLIST_FILE = DemoApp/AssistantRuntimeDemoApp/Info.plist;
				IPHONEOS_DEPLOYMENT_TARGET = 17.0;
				LD_RUNPATH_SEARCH_PATHS = "$(inherited) @executable_path/Frameworks";
				PRODUCT_BUNDLE_IDENTIFIER = ai.assistantruntime.demoapp;
				PRODUCT_NAME = "$(TARGET_NAME)";
				SDKROOT = iphoneos;
				SWIFT_VERSION = 6.0;
				TARGETED_DEVICE_FAMILY = "1,2";
			};
			name = Debug;
		};
/* End XCBuildConfiguration section */

/* Begin XCConfigurationList section */
		0705947D212D21C8AB4BE0CA /* Build configuration list for PBXNativeTarget "CodexKitUI" */ = {
			isa = XCConfigurationList;
			buildConfigurations = (
				CE56EE8125155C3E2F54CB62 /* Release */,
				EFA415DD8C06A5A8D9D045F9 /* Debug */,
			);
			defaultConfigurationIsVisible = 0;
			defaultConfigurationName = Release;
		};
		0A3F0003A9AC89C70BE1157C /* Build configuration list for PBXNativeTarget "AssistantRuntimeDemoApp" */ = {
			isa = XCConfigurationList;
			buildConfigurations = (
				0AACE84046D63E1628CB588A /* Release */,
				FDD7E9509B904C7CE83FA013 /* Debug */,
			);
			defaultConfigurationIsVisible = 0;
			defaultConfigurationName = Release;
		};
		0D53003714C8A24F42326F6F /* Build configuration list for PBXProject "AssistantRuntimeDemoApp" */ = {
			isa = XCConfigurationList;
			buildConfigurations = (
				BF10E2A8A9FD29784CBC1466 /* Debug */,
				6664E571DD3397765EE207F6 /* Release */,
			);
			defaultConfigurationIsVisible = 0;
			defaultConfigurationName = Release;
		};
		895710889E13BAF1069A9A10 /* Build configuration list for PBXNativeTarget "CodexKitDemo" */ = {
			isa = XCConfigurationList;
			buildConfigurations = (
				3CCA1B71E47D36FF9FDEDAB2 /* Release */,
				170244ADF4E4DB52E2D8BF58 /* Debug */,
			);
			defaultConfigurationIsVisible = 0;
			defaultConfigurationName = Release;
		};
		9251A981F37D7B71849304A7 /* Build configuration list for PBXNativeTarget "CodexKit" */ = {
			isa = XCConfigurationList;
			buildConfigurations = (
				114328E6E761ED9F038C6D6D /* Release */,
				8E725C174011135AEDD0935E /* Debug */,
			);
			defaultConfigurationIsVisible = 0;
			defaultConfigurationName = Release;
		};
/* End XCConfigurationList section */
	};
	rootObject = 7C9EF468A185D8488116D095 /* Project object */;
}
